
Microsoft Visual Studio Solution File, Format Version 12.00
# Visual Studio Version 16
VisualStudioVersion = 16.0.30804.86
MinimumVisualStudioVersion = 10.0.40219.1
Project("{FAE04EC0-301F-11D3-BF4B-00C04F79EFBC}") = "GamerAccountApp", "GamerAccountApp\GamerAccountApp.csproj", "{B2A5AA04-DDC8-4BBE-B0B9-9C29E9222146}"
EndProject
Global
	GlobalSection(SolutionConfigurationPlatforms) = preSolution
		Debug|Any CPU = Debug|Any CPU
		Release|Any CPU = Release|Any CPU
	EndGlobalSection
	GlobalSection(ProjectConfigurationPlatforms) = postSolution
		{B2A5AA04-DDC8-4BBE-B0B9-9C29E9222146}.Debug|Any CPU.ActiveCfg = Debug|Any CPU
		{B2A5AA04-DDC8-4BBE-B0B9-9C29E9222146}.Debug|Any CPU.Build.0 = Debug|Any CPU
		{B2A5AA04-DDC8-4BBE-B0B9-9C29E9222146}.Release|Any CPU.ActiveCfg = Release|Any CPU
		{B2A5AA04-DDC8-4BBE-B0B9-9C29E9222146}.Release|Any CPU.Build.0 = Release|Any CPU
	EndGlobalSection
	GlobalSection(SolutionProperties) = preSolution
		HideSolutionNode = FALSE
	EndGlobalSection
	GlobalSection(ExtensibilityGlobals) = postSolution
		SolutionGuid = {6F315855-F17F-4B34-81A8-9891E083627B}
	EndGlobalSection
EndGlobal
